
Microsoft Visual Studio Solution File, Format Version 12.00
# Visual Studio 14
VisualStudioVersion = 14.0.23107.0
MinimumVisualStudioVersion = 10.0.40219.1
Project("{FAE04EC0-301F-11D3-BF4B-00C04F79EFBC}") = "MyIocWheel", "MyIocWheel\MyIocWheel.csproj", "{DCB712E1-5867-47D0-825A-0C95C616587D}"
EndProject
Global
	GlobalSection(SolutionConfigurationPlatforms) = preSolution
		Debug|Any CPU = Debug|Any CPU
		Release|Any CPU = Release|Any CPU
	EndGlobalSection
	GlobalSection(ProjectConfigurationPlatforms) = postSolution
		{DCB712E1-5867-47D0-825A-0C95C616587D}.Debug|Any CPU.ActiveCfg = Debug|Any CPU
		{DCB712E1-5867-47D0-825A-0C95C616587D}.Debug|Any CPU.Build.0 = Debug|Any CPU
		{DCB712E1-5867-47D0-825A-0C95C616587D}.Release|Any CPU.ActiveCfg = Release|Any CPU
		{DCB712E1-5867-47D0-825A-0C95C616587D}.Release|Any CPU.Build.0 = Release|Any CPU
	EndGlobalSection
	GlobalSection(SolutionProperties) = preSolution
		HideSolutionNode = FALSE
	EndGlobalSection
EndGlobal
